{
  "nodes": {
    "deno2nix": {
      "flake": false,
      "locked": {
        "lastModified": 1771449470,
        "narHash": "sha256-ZGKHKRB7K5aUIyJenXwOcX21F2yTXLa19q3YXQM3E48=",
        "owner": "aMOPel",
        "repo": "deno2nix",
        "rev": "adb4dcea663cd61c19e01c8c36dd73db4af358a5",
        "type": "github"
      },
      "original": {
        "owner": "aMOPel",
        "ref": "custom-made-fetcher",
        "repo": "deno2nix",
        "type": "github"
      }
    },
    "linear": {
      "inputs": {
        "deno2nix": "deno2nix",
        "nixpkgs": "nixpkgs"
      },
      "locked": {
        "lastModified": 1776838502,
        "narHash": "sha256-cFZGEueXfYPDu2I9P7Rla88PJiVsfV30KXOyAc21iCs=",
        "owner": "y0usaf",
        "repo": "linear-cli",
        "rev": "42f1ccf41b9725b41affdde9647ddf6d2958b9cb",
        "type": "github"
      },
      "original": {
        "owner": "y0usaf",
        "repo": "linear-cli",
        "type": "github"
      }
    },
    "nixpkgs": {
      "locked": {
        "lastModified": 1775423009,
        "narHash": "sha256-vPKLpjhIVWdDrfiUM8atW6YkIggCEKdSAlJPzzhkQlw=",
        "owner": "NixOS",
        "repo": "nixpkgs",
        "rev": "68d8aa3d661f0e6bd5862291b5bb263b2a6595c9",
        "type": "github"
      },
      "original": {
        "owner": "NixOS",
        "ref": "nixos-unstable",
        "repo": "nixpkgs",
        "type": "github"
      }
    },
    "root": {
      "inputs": {
        "linear": "linear"
      }
    }
  },
  "root": "root",
  "version": 7
}
